
Microsoft Visual Studio Solution File, Format Version 12.00
# Visual Studio 15
Project("{FAE04EC0-301F-11D3-BF4B-00C04F79EFBC}") = "xamarinunity.Android", "xamarinunity.Android\xamarinunity.Android.csproj", "{AE3F5445-9D9A-43DC-81B8-AFBEE192CDCA}"
EndProject
Project("{FAE04EC0-301F-11D3-BF4B-00C04F79EFBC}") = "xamarinunity.iOS", "xamarinunity.iOS\xamarinunity.iOS.csproj", "{B85BA8F8-3897-451C-9B76-81DBF3ACBF5E}"
EndProject
Project("{FAE04EC0-301F-11D3-BF4B-00C04F79EFBC}") = "xamarinunity", "xamarinunity\xamarinunity.csproj", "{5CA3935A-46B5-4E94-B846-27E63849E892}"
EndProject
Project("{FAE04EC0-301F-11D3-BF4B-00C04F79EFBC}") = "bindingUnity", "bindingUnity\bindingUnity.csproj", "{46A51086-1995-43C3-B1D6-095DDBE92AFE}"
EndProject
Global
	GlobalSection(SolutionConfigurationPlatforms) = preSolution
		Debug|Any CPU = Debug|Any CPU
		Release|Any CPU = Release|Any CPU
		Debug|iPhoneSimulator = Debug|iPhoneSimulator
		Release|iPhoneSimulator = Release|iPhoneSimulator
		Debug|iPhone = Debug|iPhone
		Release|iPhone = Release|iPhone
	EndGlobalSection
	GlobalSection(ProjectConfigurationPlatforms) = postSolution
		{AE3F5445-9D9A-43DC-81B8-AFBEE192CDCA}.Debug|Any CPU.ActiveCfg = Debug|Any CPU
		{AE3F5445-9D9A-43DC-81B8-AFBEE192CDCA}.Debug|Any CPU.Build.0 = Debug|Any CPU
		{AE3F5445-9D9A-43DC-81B8-AFBEE192CDCA}.Release|Any CPU.ActiveCfg = Release|Any CPU
		{AE3F5445-9D9A-43DC-81B8-AFBEE192CDCA}.Release|Any CPU.Build.0 = Release|Any CPU
		{AE3F5445-9D9A-43DC-81B8-AFBEE192CDCA}.Debug|iPhoneSimulator.ActiveCfg = Debug|Any CPU
		{AE3F5445-9D9A-43DC-81B8-AFBEE192CDCA}.Debug|iPhoneSimulator.Build.0 = Debug|Any CPU
		{AE3F5445-9D9A-43DC-81B8-AFBEE192CDCA}.Release|iPhoneSimulator.ActiveCfg = Release|Any CPU
		{AE3F5445-9D9A-43DC-81B8-AFBEE192CDCA}.Release|iPhoneSimulator.Build.0 = Release|Any CPU
		{AE3F5445-9D9A-43DC-81B8-AFBEE192CDCA}.Debug|iPhone.ActiveCfg = Debug|Any CPU
		{AE3F5445-9D9A-43DC-81B8-AFBEE192CDCA}.Debug|iPhone.Build.0 = Debug|Any CPU
		{AE3F5445-9D9A-43DC-81B8-AFBEE192CDCA}.Release|iPhone.ActiveCfg = Release|Any CPU
		{AE3F5445-9D9A-43DC-81B8-AFBEE192CDCA}.Release|iPhone.Build.0 = Release|Any CPU
		{B85BA8F8-3897-451C-9B76-81DBF3ACBF5E}.Debug|Any CPU.ActiveCfg = Debug|iPhoneSimulator
		{B85BA8F8-3897-451C-9B76-81DBF3ACBF5E}.Debug|Any CPU.Build.0 = Debug|iPhoneSimulator
		{B85BA8F8-3897-451C-9B76-81DBF3ACBF5E}.Release|Any CPU.ActiveCfg = Release|iPhoneSimulator
		{B85BA8F8-3897-451C-9B76-81DBF3ACBF5E}.Release|Any CPU.Build.0 = Release|iPhoneSimulator
		{B85BA8F8-3897-451C-9B76-81DBF3ACBF5E}.Debug|iPhoneSimulator.ActiveCfg = Debug|iPhoneSimulator
		{B85BA8F8-3897-451C-9B76-81DBF3ACBF5E}.Debug|iPhoneSimulator.Build.0 = Debug|iPhoneSimulator
		{B85BA8F8-3897-451C-9B76-81DBF3ACBF5E}.Release|iPhoneSimulator.ActiveCfg = Release|iPhoneSimulator
		{B85BA8F8-3897-451C-9B76-81DBF3ACBF5E}.Release|iPhoneSimulator.Build.0 = Release|iPhoneSimulator
		{B85BA8F8-3897-451C-9B76-81DBF3ACBF5E}.Debug|iPhone.ActiveCfg = Debug|iPhone
		{B85BA8F8-3897-451C-9B76-81DBF3ACBF5E}.Debug|iPhone.Build.0 = Debug|iPhone
		{B85BA8F8-3897-451C-9B76-81DBF3ACBF5E}.Release|iPhone.ActiveCfg = Release|iPhone
		{B85BA8F8-3897-451C-9B76-81DBF3ACBF5E}.Release|iPhone.Build.0 = Release|iPhone
		{5CA3935A-46B5-4E94-B846-27E63849E892}.Debug|Any CPU.ActiveCfg = Debug|Any CPU
		{5CA3935A-46B5-4E94-B846-27E63849E892}.Debug|Any CPU.Build.0 = Debug|Any CPU
		{5CA3935A-46B5-4E94-B846-27E63849E892}.Release|Any CPU.ActiveCfg = Release|Any CPU
		{5CA3935A-46B5-4E94-B846-27E63849E892}.Release|Any CPU.Build.0 = Release|Any CPU
		{5CA3935A-46B5-4E94-B846-27E63849E892}.Debug|iPhoneSimulator.ActiveCfg = Debug|Any CPU
		{5CA3935A-46B5-4E94-B846-27E63849E892}.Debug|iPhoneSimulator.Build.0 = Debug|Any CPU
		{5CA3935A-46B5-4E94-B846-27E63849E892}.Release|iPhoneSimulator.ActiveCfg = Release|Any CPU
		{5CA3935A-46B5-4E94-B846-27E63849E892}.Release|iPhoneSimulator.Build.0 = Release|Any CPU
		{5CA3935A-46B5-4E94-B846-27E63849E892}.Debug|iPhone.ActiveCfg = Debug|Any CPU
		{5CA3935A-46B5-4E94-B846-27E63849E892}.Debug|iPhone.Build.0 = Debug|Any CPU
		{5CA3935A-46B5-4E94-B846-27E63849E892}.Release|iPhone.ActiveCfg = Release|Any CPU
		{5CA3935A-46B5-4E94-B846-27E63849E892}.Release|iPhone.Build.0 = Release|Any CPU
		{46A51086-1995-43C3-B1D6-095DDBE92AFE}.Debug|Any CPU.ActiveCfg = Debug|Any CPU
		{46A51086-1995-43C3-B1D6-095DDBE92AFE}.Debug|Any CPU.Build.0 = Debug|Any CPU
		{46A51086-1995-43C3-B1D6-095DDBE92AFE}.Release|Any CPU.ActiveCfg = Release|Any CPU
		{46A51086-1995-43C3-B1D6-095DDBE92AFE}.Release|Any CPU.Build.0 = Release|Any CPU
		{46A51086-1995-43C3-B1D6-095DDBE92AFE}.Debug|iPhoneSimulator.ActiveCfg = Debug|Any CPU
		{46A51086-1995-43C3-B1D6-095DDBE92AFE}.Debug|iPhoneSimulator.Build.0 = Debug|Any CPU
		{46A51086-1995-43C3-B1D6-095DDBE92AFE}.Release|iPhoneSimulator.ActiveCfg = Release|Any CPU
		{46A51086-1995-43C3-B1D6-095DDBE92AFE}.Release|iPhoneSimulator.Build.0 = Release|Any CPU
		{46A51086-1995-43C3-B1D6-095DDBE92AFE}.Debug|iPhone.ActiveCfg = Debug|Any CPU
		{46A51086-1995-43C3-B1D6-095DDBE92AFE}.Debug|iPhone.Build.0 = Debug|Any CPU
		{46A51086-1995-43C3-B1D6-095DDBE92AFE}.Release|iPhone.ActiveCfg = Release|Any CPU
		{46A51086-1995-43C3-B1D6-095DDBE92AFE}.Release|iPhone.Build.0 = Release|Any CPU
	EndGlobalSection
EndGlobal
